{
  "name": "asp.net",
  "version": "1.0.0",
  "lockfileVersion": 1,
  "requires": true,
  "dependencies": {
    "@syncfusion/ej2-js-es5": {
      "version": "17.4.41",
      "resolved": "https://registry.npmjs.org/@syncfusion/ej2-js-es5/-/ej2-js-es5-17.4.41.tgz",
      "integrity": "sha512-RjzplRTNfPZ3eJGc5E5AuTGIjishju2BI2alLuUmsNsj+hF7DkNJxSemCsONXeTH+E5E/J+0F8uxLjyUOz8lsQ==",
      "dev": true
    }
  }
}
